// !$*UTF8*$!
{
	archiveVersion = 1;
	classes = {
	};
	objectVersion = 56;
	objects = {

/* Begin PBXBuildFile section */
		1A2B3C4D5E6F7890 /* LeaseMilesTrackerApp.swift in Sources */ = {isa = PBXBuildFile; fileRef = 1A2B3C4D5E6F7891 /* LeaseMilesTrackerApp.swift */; };
		1A2B3C4D5E6F7892 /* ContentView.swift in Sources */ = {isa = PBXBuildFile; fileRef = 1A2B3C4D5E6F7893 /* ContentView.swift */; };
		1A2B3C4D5E6F7894 /* LeaseSettings.swift in Sources */ = {isa = PBXBuildFile; fileRef = 1A2B3C4D5E6F7895 /* LeaseSettings.swift */; };
		1A2B3C4D5E6F7896 /* MileageEntry.swift in Sources */ = {isa = PBXBuildFile; fileRef = 1A2B3C4D5E6F7897 /* MileageEntry.swift */; };
		1A2B3C4D5E6F7898 /* LeaseCalculator.swift in Sources */ = {isa = PBXBuildFile; fileRef = 1A2B3C4D5E6F7899 /* LeaseCalculator.swift */; };
		1A2B3C4D5E6F789A /* NotificationManager.swift in Sources */ = {isa = PBXBuildFile; fileRef = 1A2B3C4D5E6F789B /* NotificationManager.swift */; };
		1A2B3C4D5E6F789C /* CSVExporter.swift in Sources */ = {isa = PBXBuildFile; fileRef = 1A2B3C4D5E6F789D /* CSVExporter.swift */; };
		1A2B3C4D5E6F789E /* LeaseSettingsStore.swift in Sources */ = {isa = PBXBuildFile; fileRef = 1A2B3C4D5E6F789F /* LeaseSettingsStore.swift */; };
		1A2B3C4D5E6F78A0 /* MileageStore.swift in Sources */ = {isa = PBXBuildFile; fileRef = 1A2B3C4D5E6F78A1 /* MileageStore.swift */; };
		1A2B3C4D5E6F78A2 /* OnboardingView.swift in Sources */ = {isa = PBXBuildFile; fileRef = 1A2B3C4D5E6F78A3 /* OnboardingView.swift */; };
		1A2B3C4D5E6F78A4 /* DashboardView.swift in Sources */ = {isa = PBXBuildFile; fileRef = 1A2B3C4D5E6F78A5 /* DashboardView.swift */; };
		1A2B3C4D5E6F78A6 /* MetricCard.swift in Sources */ = {isa = PBXBuildFile; fileRef = 1A2B3C4D5E6F78A7 /* MetricCard.swift */; };
		1A2B3C4D5E6F78A8 /* AddEntryView.swift in Sources */ = {isa = PBXBuildFile; fileRef = 1A2B3C4D5E6F78A9 /* AddEntryView.swift */; };
		1A2B3C4D5E6F78AA /* HistoryView.swift in Sources */ = {isa = PBXBuildFile; fileRef = 1A2B3C4D5E6F78AB /* HistoryView.swift */; };
		1A2B3C4D5E6F78AC /* EditEntryView.swift in Sources */ = {isa = PBXBuildFile; fileRef = 1A2B3C4D5E6F78AD /* EditEntryView.swift */; };
		1A2B3C4D5E6F78AE /* SettingsView.swift in Sources */ = {isa = PBXBuildFile; fileRef = 1A2B3C4D5E6F78AF /* SettingsView.swift */; };
		1A2B3C4D5E6F78B0 /* Formatters.swift in Sources */ = {isa = PBXBuildFile; fileRef = 1A2B3C4D5E6F78B1 /* Formatters.swift */; };
		1A2B3C4D5E6F78B2 /* LeaseCalculatorTests.swift in Sources */ = {isa = PBXBuildFile; fileRef = 1A2B3C4D5E6F78B3 /* LeaseCalculatorTests.swift */; };
		1A2B3C4D5E6F78B4 /* Assets.xcassets in Resources */ = {isa = PBXBuildFile; fileRef = 1A2B3C4D5E6F78B5 /* Assets.xcassets */; };
		1A2B3C4D5E6F78B6 /* Preview Assets.xcassets in Resources */ = {isa = PBXBuildFile; fileRef = 1A2B3C4D5E6F78B7 /* Preview Assets.xcassets */; };
/* End PBXBuildFile section */

/* Begin PBXFileReference section */
		1A2B3C4D5E6F7891 /* LeaseMilesTrackerApp.swift */ = {isa = PBXFileReference; lastKnownFileType = sourcecode.swift; path = LeaseMilesTrackerApp.swift; sourceTree = "<group>"; };
		1A2B3C4D5E6F7893 /* ContentView.swift */ = {isa = PBXFileReference; lastKnownFileType = sourcecode.swift; path = ContentView.swift; sourceTree = "<group>"; };
		1A2B3C4D5E6F7895 /* LeaseSettings.swift */ = {isa = PBXFileReference; lastKnownFileType = sourcecode.swift; path = LeaseSettings.swift; sourceTree = "<group>"; };
		1A2B3C4D5E6F7897 /* MileageEntry.swift */ = {isa = PBXFileReference; lastKnownFileType = sourcecode.swift; path = MileageEntry.swift; sourceTree = "<group>"; };
		1A2B3C4D5E6F7899 /* LeaseCalculator.swift */ = {isa = PBXFileReference; lastKnownFileType = sourcecode.swift; path = LeaseCalculator.swift; sourceTree = "<group>"; };
		1A2B3C4D5E6F789B /* NotificationManager.swift */ = {isa = PBXFileReference; lastKnownFileType = sourcecode.swift; path = NotificationManager.swift; sourceTree = "<group>"; };
		1A2B3C4D5E6F789D /* CSVExporter.swift */ = {isa = PBXFileReference; lastKnownFileType = sourcecode.swift; path = CSVExporter.swift; sourceTree = "<group>"; };
		1A2B3C4D5E6F789F /* LeaseSettingsStore.swift */ = {isa = PBXFileReference; lastKnownFileType = sourcecode.swift; path = LeaseSettingsStore.swift; sourceTree = "<group>"; };
		1A2B3C4D5E6F78A1 /* MileageStore.swift */ = {isa = PBXFileReference; lastKnownFileType = sourcecode.swift; path = MileageStore.swift; sourceTree = "<group>"; };
		1A2B3C4D5E6F78A3 /* OnboardingView.swift */ = {isa = PBXFileReference; lastKnownFileType = sourcecode.swift; path = OnboardingView.swift; sourceTree = "<group>"; };
		1A2B3C4D5E6F78A5 /* DashboardView.swift */ = {isa = PBXFileReference; lastKnownFileType = sourcecode.swift; path = DashboardView.swift; sourceTree = "<group>"; };
		1A2B3C4D5E6F78A7 /* MetricCard.swift */ = {isa = PBXFileReference; lastKnownFileType = sourcecode.swift; path = MetricCard.swift; sourceTree = "<group>"; };
		1A2B3C4D5E6F78A9 /* AddEntryView.swift */ = {isa = PBXFileReference; lastKnownFileType = sourcecode.swift; path = AddEntryView.swift; sourceTree = "<group>"; };
		1A2B3C4D5E6F78AB /* HistoryView.swift */ = {isa = PBXFileReference; lastKnownFileType = sourcecode.swift; path = HistoryView.swift; sourceTree = "<group>"; };
		1A2B3C4D5E6F78AD /* EditEntryView.swift */ = {isa = PBXFileReference; lastKnownFileType = sourcecode.swift; path = EditEntryView.swift; sourceTree = "<group>"; };
		1A2B3C4D5E6F78AF /* SettingsView.swift */ = {isa = PBXFileReference; lastKnownFileType = sourcecode.swift; path = SettingsView.swift; sourceTree = "<group>"; };
		1A2B3C4D5E6F78B1 /* Formatters.swift */ = {isa = PBXFileReference; lastKnownFileType = sourcecode.swift; path = Formatters.swift; sourceTree = "<group>"; };
		1A2B3C4D5E6F78B3 /* LeaseCalculatorTests.swift */ = {isa = PBXFileReference; lastKnownFileType = sourcecode.swift; path = LeaseCalculatorTests.swift; sourceTree = "<group>"; };
		1A2B3C4D5E6F78B5 /* Assets.xcassets */ = {isa = PBXFileReference; lastKnownFileType = folder.assetcatalog; path = Assets.xcassets; sourceTree = "<group>"; };
		1A2B3C4D5E6F78B7 /* Preview Assets.xcassets */ = {isa = PBXFileReference; lastKnownFileType = folder.assetcatalog; path = "Preview Assets.xcassets"; sourceTree = "<group>"; };
		1A2B3C4D5E6F78B8 /* LeaseMilesTracker.app */ = {isa = PBXFileReference; explicitFileType = wrapper.application; includeInIndex = 0; path = LeaseMilesTracker.app; sourceTree = BUILT_PRODUCTS_DIR; };
		1A2B3C4D5E6F78B9 /* LeaseMilesTrackerTests.xctest */ = {isa = PBXFileReference; explicitFileType = wrapper.cfbundle; includeInIndex = 0; path = LeaseMilesTrackerTests.xctest; sourceTree = BUILT_PRODUCTS_DIR; };
		1A2B3C4D5E6F78BA /* Info.plist */ = {isa = PBXFileReference; lastKnownFileType = text.plist.xml; path = Info.plist; sourceTree = "<group>"; };
/* End PBXFileReference section */

/* Begin PBXFrameworksBuildPhase section */
		1A2B3C4D5E6F78BB /* Frameworks */ = {
			isa = PBXFrameworksBuildPhase;
			buildActionMask = 2147483647;
			files = (
			);
			runOnlyForDeploymentPostprocessing = 0;
		};
		1A2B3C4D5E6F78BC /* Frameworks */ = {
			isa = PBXFrameworksBuildPhase;
			buildActionMask = 2147483647;
			files = (
			);
			runOnlyForDeploymentPostprocessing = 0;
		};
/* End PBXFrameworksBuildPhase section */

/* Begin PBXGroup section */
		1A2B3C4D5E6F78BD = {
			isa = PBXGroup;
			children = (
				1A2B3C4D5E6F78BE /* LeaseMilesTracker */,
				1A2B3C4D5E6F78BF /* Tests */,
				1A2B3C4D5E6F78C0 /* Products */,
			);
			sourceTree = "<group>";
		};
		1A2B3C4D5E6F78BE /* LeaseMilesTracker */ = {
			isa = PBXGroup;
			children = (
				1A2B3C4D5E6F7891 /* LeaseMilesTrackerApp.swift */,
				1A2B3C4D5E6F78C1 /* Models */,
				1A2B3C4D5E6F78C2 /* Services */,
				1A2B3C4D5E6F78C3 /* Stores */,
				1A2B3C4D5E6F78C4 /* Views */,
				1A2B3C4D5E6F78C5 /* Utils */,
				1A2B3C4D5E6F78B5 /* Assets.xcassets */,
				1A2B3C4D5E6F78BA /* Info.plist */,
				1A2B3C4D5E6F78C6 /* Preview Content */,
			);
			path = LeaseMilesTracker;
			sourceTree = "<group>";
		};
		1A2B3C4D5E6F78BF /* Tests */ = {
			isa = PBXGroup;
			children = (
				1A2B3C4D5E6F78B3 /* LeaseCalculatorTests.swift */,
			);
			path = Tests;
			sourceTree = "<group>";
		};
		1A2B3C4D5E6F78C0 /* Products */ = {
			isa = PBXGroup;
			children = (
				1A2B3C4D5E6F78B8 /* LeaseMilesTracker.app */,
				1A2B3C4D5E6F78B9 /* LeaseMilesTrackerTests.xctest */,
			);
			name = Products;
			sourceTree = "<group>";
		};
		1A2B3C4D5E6F78C1 /* Models */ = {
			isa = PBXGroup;
			children = (
				1A2B3C4D5E6F7895 /* LeaseSettings.swift */,
				1A2B3C4D5E6F7897 /* MileageEntry.swift */,
			);
			path = Models;
			sourceTree = "<group>";
		};
		1A2B3C4D5E6F78C2 /* Services */ = {
			isa = PBXGroup;
			children = (
				1A2B3C4D5E6F7899 /* LeaseCalculator.swift */,
				1A2B3C4D5E6F789B /* NotificationManager.swift */,
				1A2B3C4D5E6F789D /* CSVExporter.swift */,
			);
			path = Services;
			sourceTree = "<group>";
		};
		1A2B3C4D5E6F78C3 /* Stores */ = {
			isa = PBXGroup;
			children = (
				1A2B3C4D5E6F789F /* LeaseSettingsStore.swift */,
				1A2B3C4D5E6F78A1 /* MileageStore.swift */,
			);
			path = Stores;
			sourceTree = "<group>";
		};
		1A2B3C4D5E6F78C4 /* Views */ = {
			isa = PBXGroup;
			children = (
				1A2B3C4D5E6F78C7 /* Onboarding */,
				1A2B3C4D5E6F78C8 /* Dashboard */,
				1A2B3C4D5E6F78C9 /* Entries */,
				1A2B3C4D5E6F78CA /* Settings */,
			);
			path = Views;
			sourceTree = "<group>";
		};
		1A2B3C4D5E6F78C5 /* Utils */ = {
			isa = PBXGroup;
			children = (
				1A2B3C4D5E6F78B1 /* Formatters.swift */,
			);
			path = Utils;
			sourceTree = "<group>";
		};
		1A2B3C4D5E6F78C6 /* Preview Content */ = {
			isa = PBXGroup;
			children = (
				1A2B3C4D5E6F78B7 /* Preview Assets.xcassets */,
			);
			path = "Preview Content";
			sourceTree = "<group>";
		};
		1A2B3C4D5E6F78C7 /* Onboarding */ = {
			isa = PBXGroup;
			children = (
				1A2B3C4D5E6F78A3 /* OnboardingView.swift */,
			);
			path = Onboarding;
			sourceTree = "<group>";
		};
		1A2B3C4D5E6F78C8 /* Dashboard */ = {
			isa = PBXGroup;
			children = (
				1A2B3C4D5E6F78A5 /* DashboardView.swift */,
				1A2B3C4D5E6F78A7 /* MetricCard.swift */,
			);
			path = Dashboard;
			sourceTree = "<group>";
		};
		1A2B3C4D5E6F78C9 /* Entries */ = {
			isa = PBXGroup;
			children = (
				1A2B3C4D5E6F78A9 /* AddEntryView.swift */,
				1A2B3C4D5E6F78AB /* HistoryView.swift */,
				1A2B3C4D5E6F78AD /* EditEntryView.swift */,
			);
			path = Entries;
			sourceTree = "<group>";
		};
		1A2B3C4D5E6F78CA /* Settings */ = {
			isa = PBXGroup;
			children = (
				1A2B3C4D5E6F78AF /* SettingsView.swift */,
			);
			path = Settings;
			sourceTree = "<group>";
		};
/* End PBXGroup section */

/* Begin PBXNativeTarget section */
		1A2B3C4D5E6F78CB /* LeaseMilesTracker */ = {
			isa = PBXNativeTarget;
			buildConfigurationList = 1A2B3C4D5E6F78CC /* Build configuration list for PBXNativeTarget "LeaseMilesTracker" */;
			buildPhases = (
				1A2B3C4D5E6F78CD /* Sources */,
				1A2B3C4D5E6F78BB /* Frameworks */,
				1A2B3C4D5E6F78CE /* Resources */,
			);
			buildRules = (
			);
			dependencies = (
			);
			name = LeaseMilesTracker;
			productName = LeaseMilesTracker;
			productReference = 1A2B3C4D5E6F78B8 /* LeaseMilesTracker.app */;
			productType = "com.apple.product-type.application";
		};
		1A2B3C4D5E6F78CF /* LeaseMilesTrackerTests */ = {
			isa = PBXNativeTarget;
			buildConfigurationList = 1A2B3C4D5E6F78D0 /* Build configuration list for PBXNativeTarget "LeaseMilesTrackerTests" */;
			buildPhases = (
				1A2B3C4D5E6F78D1 /* Sources */,
				1A2B3C4D5E6F78BC /* Frameworks */,
				1A2B3C4D5E6F78D2 /* Resources */,
			);
			buildRules = (
			);
			dependencies = (
				1A2B3C4D5E6F78D3 /* PBXTargetDependency */,
			);
			name = LeaseMilesTrackerTests;
			productName = LeaseMilesTrackerTests;
			productReference = 1A2B3C4D5E6F78B9 /* LeaseMilesTrackerTests.xctest */;
			productType = "com.apple.product-type.bundle.unit-test";
		};
/* End PBXNativeTarget section */

/* Begin PBXProject section */
		1A2B3C4D5E6F78D4 /* Project object */ = {
			isa = PBXProject;
			attributes = {
				BuildIndependentTargetsInParallel = 1;
				LastSwiftUpdateCheck = 1500;
				LastUpgradeCheck = 1500;
				TargetAttributes = {
					1A2B3C4D5E6F78CB = {
						CreatedOnToolsVersion = 15.0;
					};
					1A2B3C4D5E6F78CF = {
						CreatedOnToolsVersion = 15.0;
						TestTargetID = 1A2B3C4D5E6F78CB;
					};
				};
			};
			buildConfigurationList = 1A2B3C4D5E6F78D5 /* Build configuration list for PBXProject "LeaseMilesTracker" */;
			compatibilityVersion = "Xcode 14.0";
			developmentRegion = en;
			hasScannedForEncodings = 0;
			knownRegions = (
				en,
				Base,
			);
			mainGroup = 1A2B3C4D5E6F78BD;
			productRefGroup = 1A2B3C4D5E6F78C0 /* Products */;
			projectDirPath = "";
			projectRoot = "";
			targets = (
				1A2B3C4D5E6F78CB /* LeaseMilesTracker */,
				1A2B3C4D5E6F78CF /* LeaseMilesTrackerTests */,
			);
		};
/* End PBXProject section */

/* Begin PBXResourcesBuildPhase section */
		1A2B3C4D5E6F78CE /* Resources */ = {
			isa = PBXResourcesBuildPhase;
			buildActionMask = 2147483647;
			files = (
				1A2B3C4D5E6F78B6 /* Preview Assets.xcassets in Resources */,
				1A2B3C4D5E6F78B4 /* Assets.xcassets in Resources */,
			);
			runOnlyForDeploymentPostprocessing = 0;
		};
		1A2B3C4D5E6F78D2 /* Resources */ = {
			isa = PBXResourcesBuildPhase;
			buildActionMask = 2147483647;
			files = (
			);
			runOnlyForDeploymentPostprocessing = 0;
		};
/* End PBXResourcesBuildPhase section */

/* Begin PBXSourcesBuildPhase section */
		1A2B3C4D5E6F78CD /* Sources */ = {
			isa = PBXSourcesBuildPhase;
			buildActionMask = 2147483647;
			files = (
				1A2B3C4D5E6F78B0 /* Formatters.swift in Sources */,
				1A2B3C4D5E6F78AE /* SettingsView.swift in Sources */,
				1A2B3C4D5E6F78AC /* EditEntryView.swift in Sources */,
				1A2B3C4D5E6F78AA /* HistoryView.swift in Sources */,
				1A2B3C4D5E6F78A8 /* AddEntryView.swift in Sources */,
				1A2B3C4D5E6F78A6 /* MetricCard.swift in Sources */,
				1A2B3C4D5E6F78A4 /* DashboardView.swift in Sources */,
				1A2B3C4D5E6F78A2 /* OnboardingView.swift in Sources */,
				1A2B3C4D5E6F78A0 /* MileageStore.swift in Sources */,
				1A2B3C4D5E6F789E /* LeaseSettingsStore.swift in Sources */,
				1A2B3C4D5E6F789C /* CSVExporter.swift in Sources */,
				1A2B3C4D5E6F789A /* NotificationManager.swift in Sources */,
				1A2B3C4D5E6F7898 /* LeaseCalculator.swift in Sources */,
				1A2B3C4D5E6F7896 /* MileageEntry.swift in Sources */,
				1A2B3C4D5E6F7894 /* LeaseSettings.swift in Sources */,
				1A2B3C4D5E6F7890 /* LeaseMilesTrackerApp.swift in Sources */,
			);
			runOnlyForDeploymentPostprocessing = 0;
		};
		1A2B3C4D5E6F78D1 /* Sources */ = {
			isa = PBXSourcesBuildPhase;
			buildActionMask = 2147483647;
			files = (
				1A2B3C4D5E6F78B2 /* LeaseCalculatorTests.swift in Sources */,
			);
			runOnlyForDeploymentPostprocessing = 0;
		};
/* End PBXSourcesBuildPhase section */

/* Begin PBXTargetDependency section */
		1A2B3C4D5E6F78D3 /* PBXTargetDependency */ = {
			isa = PBXTargetDependency;
			target = 1A2B3C4D5E6F78CB /* LeaseMilesTracker */;
			targetProxy = 1A2B3C4D5E6F78D6 /* PBXContainerItemProxy */;
		};
/* End PBXTargetDependency section */

/* Begin XCBuildConfiguration section */
		1A2B3C4D5E6F78D7 /* Debug */ = {
			isa = XCBuildConfiguration;
			buildSettings = {
				ALWAYS_SEARCH_USER_PATHS = NO;
				ASSETCATALOG_COMPILER_GENERATE_SWIFT_ASSET_SYMBOL_EXTENSIONS = YES;
				CLANG_ANALYZER_NONNULL = YES;
				CLANG_ANALYZER_NUMBER_OBJECT_CONVERSION = YES_AGGRESSIVE;
				CLANG_CXX_LANGUAGE_STANDARD = "gnu++20";
				CLANG_ENABLE_MODULES = YES;
				CLANG_ENABLE_OBJC_ARC = YES;
				CLANG_ENABLE_OBJC_WEAK = YES;
				CLANG_WARN_BLOCK_CAPTURE_AUTORELEASING = YES;
				CLANG_WARN_BOOL_CONVERSION = YES;
				CLANG_WARN_COMMA = YES;
				CLANG_WARN_CONSTANT_CONVERSION = YES;
				CLANG_WARN_DEPRECATED_OBJC_IMPLEMENTATIONS = YES;
				CLANG_WARN_DIRECT_OBJC_ISA_USAGE = YES_ERROR;
				CLANG_WARN_DOCUMENTATION_COMMENTS = YES;
				CLANG_WARN_EMPTY_BODY = YES;
				CLANG_WARN_ENUM_CONVERSION = YES;
				CLANG_WARN_INFINITE_RECURSION = YES;
				CLANG_WARN_INT_CONVERSION = YES;
				CLANG_WARN_NON_LITERAL_NULL_CONVERSION = YES;
				CLANG_WARN_OBJC_IMPLICIT_RETAIN_SELF = YES;
				CLANG_WARN_OBJC_LITERAL_CONVERSION = YES;
				CLANG_WARN_OBJC_ROOT_CLASS = YES_ERROR;
				CLANG_WARN_QUOTED_INCLUDE_IN_FRAMEWORK_HEADER = YES;
				CLANG_WARN_RANGE_LOOP_ANALYSIS = YES;
				CLANG_WARN_STRICT_PROTOTYPES = YES;
				CLANG_WARN_SUSPICIOUS_MOVE = YES;
				CLANG_WARN_UNGUARDED_AVAILABILITY = YES_AGGRESSIVE;
				CLANG_WARN_UNREACHABLE_CODE = YES;
				CLANG_WARN__DUPLICATE_METHOD_MATCH = YES;
				COPY_PHASE_STRIP = NO;
				DEBUG_INFORMATION_FORMAT = dwarf;
				ENABLE_STRICT_OBJC_MSGSEND = YES;
				ENABLE_TESTABILITY = YES;
				ENABLE_USER_SCRIPT_SANDBOXING = YES;
				GCC_C_LANGUAGE_STANDARD = gnu17;
				GCC_DYNAMIC_NO_PIC = NO;
				GCC_NO_COMMON_BLOCKS = YES;
				GCC_OPTIMIZATION_LEVEL = 0;
				GCC_PREPROCESSOR_DEFINITIONS = (
					"DEBUG=1",
					"$(inherited)",
				);
				GCC_WARN_64_TO_32_BIT_CONVERSION = YES;
				GCC_WARN_ABOUT_RETURN_TYPE = YES_ERROR;
				GCC_WARN_UNDECLARED_SELECTOR = YES;
				GCC_WARN_UNINITIALIZED_AUTOS = YES_AGGRESSIVE;
				GCC_WARN_UNUSED_FUNCTION = YES;
				GCC_WARN_UNUSED_VARIABLE = YES;
				IPHONEOS_DEPLOYMENT_TARGET = 17.0;
				LOCALIZATION_PREFERS_STRING_CATALOGS = YES;
				MTL_ENABLE_DEBUG_INFO = INCLUDE_SOURCE;
				MTL_FAST_MATH = YES;
				ONLY_ACTIVE_ARCH = YES;
				SDKROOT = iphoneos;
				SWIFT_ACTIVE_COMPILATION_CONDITIONS = "DEBUG $(inherited)";
				SWIFT_OPTIMIZATION_LEVEL = "-Onone";
			};
			name = Debug;
		};
		1A2B3C4D5E6F78D8 /* Release */ = {
			isa = XCBuildConfiguration;
			buildSettings = {
				ALWAYS_SEARCH_USER_PATHS = NO;
				ASSETCATALOG_COMPILER_GENERATE_SWIFT_ASSET_SYMBOL_EXTENSIONS = YES;
				CLANG_ANALYZER_NONNULL = YES;
				CLANG_ANALYZER_NUMBER_OBJECT_CONVERSION = YES_AGGRESSIVE;
				CLANG_CXX_LANGUAGE_STANDARD = "gnu++20";
				CLANG_ENABLE_MODULES = YES;
				CLANG_ENABLE_OBJC_ARC = YES;
				CLANG_ENABLE_OBJC_WEAK = YES;
				CLANG_WARN_BLOCK_CAPTURE_AUTORELEASING = YES;
				CLANG_WARN_BOOL_CONVERSION = YES;
				CLANG_WARN_COMMA = YES;
				CLANG_WARN_CONSTANT_CONVERSION = YES;
				CLANG_WARN_DEPRECATED_OBJC_IMPLEMENTATIONS = YES;
				CLANG_WARN_DIRECT_OBJC_ISA_USAGE = YES_ERROR;
				CLANG_WARN_DOCUMENTATION_COMMENTS = YES;
				CLANG_WARN_EMPTY_BODY = YES;
				CLANG_WARN_ENUM_CONVERSION = YES;
				CLANG_WARN_INFINITE_RECURSION = YES;
				CLANG_WARN_INT_CONVERSION = YES;
				CLANG_WARN_NON_LITERAL_NULL_CONVERSION = YES;
				CLANG_WARN_OBJC_IMPLICIT_RETAIN_SELF = YES;
				CLANG_WARN_OBJC_LITERAL_CONVERSION = YES;
				CLANG_WARN_OBJC_ROOT_CLASS = YES_ERROR;
				CLANG_WARN_QUOTED_INCLUDE_IN_FRAMEWORK_HEADER = YES;
				CLANG_WARN_RANGE_LOOP_ANALYSIS = YES;
				CLANG_WARN_STRICT_PROTOTYPES = YES;
				CLANG_WARN_SUSPICIOUS_MOVE = YES;
				CLANG_WARN_UNGUARDED_AVAILABILITY = YES_AGGRESSIVE;
				CLANG_WARN_UNREACHABLE_CODE = YES;
				CLANG_WARN__DUPLICATE_METHOD_MATCH = YES;
				COPY_PHASE_STRIP = NO;
				DEBUG_INFORMATION_FORMAT = "dwarf-with-dsym";
				ENABLE_NS_ASSERTIONS = NO;
				ENABLE_STRICT_OBJC_MSGSEND = YES;
				ENABLE_USER_SCRIPT_SANDBOXING = YES;
				GCC_C_LANGUAGE_STANDARD = gnu17;
				GCC_NO_COMMON_BLOCKS = YES;
				GCC_WARN_64_TO_32_BIT_CONVERSION = YES;
				GCC_WARN_ABOUT_RETURN_TYPE = YES_ERROR;
				GCC_WARN_UNDECLARED_SELECTOR = YES;
				GCC_WARN_UNINITIALIZED_AUTOS = YES_AGGRESSIVE;
				GCC_WARN_UNUSED_FUNCTION = YES;
				GCC_WARN_UNUSED_VARIABLE = YES;
				IPHONEOS_DEPLOYMENT_TARGET = 17.0;
				LOCALIZATION_PREFERS_STRING_CATALOGS = YES;
				MTL_ENABLE_DEBUG_INFO = NO;
				MTL_FAST_MATH = YES;
				SDKROOT = iphoneos;
				SWIFT_COMPILATION_MODE = wholemodule;
				VALIDATE_PRODUCT = YES;
			};
			name = Release;
		};
		1A2B3C4D5E6F78D9 /* Debug */ = {
			isa = XCBuildConfiguration;
			buildSettings = {
				ASSETCATALOG_COMPILER_APPICON_NAME = AppIcon;
				ASSETCATALOG_COMPILER_GLOBAL_ACCENT_COLOR_NAME = AccentColor;
				CODE_SIGN_STYLE = Automatic;
				CURRENT_PROJECT_VERSION = 1;
				DEVELOPMENT_ASSET_PATHS = "\"LeaseMilesTracker/Preview Content\"";
				ENABLE_PREVIEWS = YES;
				GENERATE_INFOPLIST_FILE = NO;
				INFOPLIST_FILE = LeaseMilesTracker/Info.plist;
				INFOPLIST_KEY_UIApplicationSceneManifest_Generation = YES;
				INFOPLIST_KEY_UIApplicationSupportsIndirectInputEvents = YES;
				INFOPLIST_KEY_UILaunchScreen_Generation = YES;
				INFOPLIST_KEY_UISupportedInterfaceOrientations_iPad = "UIInterfaceOrientationPortrait UIInterfaceOrientationPortraitUpsideDown UIInterfaceOrientationLandscapeLeft UIInterfaceOrientationLandscapeRight";
				INFOPLIST_KEY_UISupportedInterfaceOrientations_iPhone = "UIInterfaceOrientationPortrait UIInterfaceOrientationLandscapeLeft UIInterfaceOrientationLandscapeRight";
				LD_RUNPATH_SEARCH_PATHS = (
					"$(inherited)",
					"@executable_path/Frameworks",
				);
				MARKETING_VERSION = 1.0;
				PRODUCT_BUNDLE_IDENTIFIER = com.example.LeaseMilesTracker;
				PRODUCT_NAME = "$(TARGET_NAME)";
				SWIFT_EMIT_LOC_STRINGS = YES;
				SWIFT_VERSION = 5.0;
				TARGETED_DEVICE_FAMILY = "1,2";
			};
			name = Debug;
		};
		1A2B3C4D5E6F78DA /* Release */ = {
			isa = XCBuildConfiguration;
			buildSettings = {
				ASSETCATALOG_COMPILER_APPICON_NAME = AppIcon;
				ASSETCATALOG_COMPILER_GLOBAL_ACCENT_COLOR_NAME = AccentColor;
				CODE_SIGN_STYLE = Automatic;
				CURRENT_PROJECT_VERSION = 1;
				DEVELOPMENT_ASSET_PATHS = "\"LeaseMilesTracker/Preview Content\"";
				ENABLE_PREVIEWS = YES;
				GENERATE_INFOPLIST_FILE = NO;
				INFOPLIST_FILE = LeaseMilesTracker/Info.plist;
				INFOPLIST_KEY_UIApplicationSceneManifest_Generation = YES;
				INFOPLIST_KEY_UIApplicationSupportsIndirectInputEvents = YES;
				INFOPLIST_KEY_UILaunchScreen_Generation = YES;
				INFOPLIST_KEY_UISupportedInterfaceOrientations_iPad = "UIInterfaceOrientationPortrait UIInterfaceOrientationPortraitUpsideDown UIInterfaceOrientationLandscapeLeft UIInterfaceOrientationLandscapeRight";
				INFOPLIST_KEY_UISupportedInterfaceOrientations_iPhone = "UIInterfaceOrientationPortrait UIInterfaceOrientationLandscapeLeft UIInterfaceOrientationLandscapeRight";
				LD_RUNPATH_SEARCH_PATHS = (
					"$(inherited)",
					"@executable_path/Frameworks",
				);
				MARKETING_VERSION = 1.0;
				PRODUCT_BUNDLE_IDENTIFIER = com.example.LeaseMilesTracker;
				PRODUCT_NAME = "$(TARGET_NAME)";
				SWIFT_EMIT_LOC_STRINGS = YES;
				SWIFT_VERSION = 5.0;
				TARGETED_DEVICE_FAMILY = "1,2";
			};
			name = Release;
		};
		1A2B3C4D5E6F78DB /* Debug */ = {
			isa = XCBuildConfiguration;
			buildSettings = {
				ALWAYS_EMBED_SWIFT_STANDARD_LIBRARIES = YES;
				BUNDLE_LOADER = "$(TEST_HOST)";
				CODE_SIGN_STYLE = Automatic;
				CURRENT_PROJECT_VERSION = 1;
				GENERATE_INFOPLIST_FILE = YES;
				MARKETING_VERSION = 1.0;
				PRODUCT_BUNDLE_IDENTIFIER = com.example.LeaseMilesTrackerTests;
				PRODUCT_NAME = "$(TARGET_NAME)";
				SWIFT_EMIT_LOC_STRINGS = NO;
				SWIFT_VERSION = 5.0;
				TARGETED_DEVICE_FAMILY = "1,2";
				TEST_HOST = "$(BUILT_PRODUCTS_DIR)/LeaseMilesTracker.app/$(BUNDLE_EXECUTABLE_FOLDER_PATH)/LeaseMilesTracker";
			};
			name = Debug;
		};
		1A2B3C4D5E6F78DC /* Release */ = {
			isa = XCBuildConfiguration;
			buildSettings = {
				ALWAYS_EMBED_SWIFT_STANDARD_LIBRARIES = YES;
				BUNDLE_LOADER = "$(TEST_HOST)";
				CODE_SIGN_STYLE = Automatic;
				CURRENT_PROJECT_VERSION = 1;
				GENERATE_INFOPLIST_FILE = YES;
				MARKETING_VERSION = 1.0;
				PRODUCT_BUNDLE_IDENTIFIER = com.example.LeaseMilesTrackerTests;
				PRODUCT_NAME = "$(TARGET_NAME)";
				SWIFT_EMIT_LOC_STRINGS = NO;
				SWIFT_VERSION = 5.0;
				TARGETED_DEVICE_FAMILY = "1,2";
				TEST_HOST = "$(BUILT_PRODUCTS_DIR)/LeaseMilesTracker.app/$(BUNDLE_EXECUTABLE_FOLDER_PATH)/LeaseMilesTracker";
			};
			name = Release;
		};
/* End XCBuildConfiguration section */

/* Begin XCConfigurationList section */
		1A2B3C4D5E6F78CC /* Build configuration list for PBXNativeTarget "LeaseMilesTracker" */ = {
			isa = XCConfigurationList;
			buildConfigurations = (
				1A2B3C4D5E6F78D9 /* Debug */,
				1A2B3C4D5E6F78DA /* Release */,
			);
			defaultConfigurationIsVisible = 0;
			defaultConfigurationName = Release;
		};
		1A2B3C4D5E6F78D0 /* Build configuration list for PBXNativeTarget "LeaseMilesTrackerTests" */ = {
			isa = XCConfigurationList;
			buildConfigurations = (
				1A2B3C4D5E6F78DB /* Debug */,
				1A2B3C4D5E6F78DC /* Release */,
			);
			defaultConfigurationIsVisible = 0;
			defaultConfigurationName = Release;
		};
		1A2B3C4D5E6F78D5 /* Build configuration list for PBXProject "LeaseMilesTracker" */ = {
			isa = XCConfigurationList;
			buildConfigurations = (
				1A2B3C4D5E6F78D7 /* Debug */,
				1A2B3C4D5E6F78D8 /* Release */,
			);
			defaultConfigurationIsVisible = 0;
			defaultConfigurationName = Release;
		};
/* End XCConfigurationList section */

/* Begin PBXContainerItemProxy section */
		1A2B3C4D5E6F78D6 /* PBXContainerItemProxy */ = {
			isa = PBXContainerItemProxy;
			containerPortal = 1A2B3C4D5E6F78D4 /* Project object */;
			proxyType = 1;
			remoteGlobalIDString = 1A2B3C4D5E6F78CB;
			remoteInfo = LeaseMilesTracker;
		};
/* End PBXContainerItemProxy section */
	};
	rootObject = 1A2B3C4D5E6F78D4 /* Project object */;
}